
Microsoft Visual Studio Solution File, Format Version 12.00
# Visual Studio Version 16
VisualStudioVersion = 16.0.31702.278
MinimumVisualStudioVersion = 10.0.40219.1
Project("{FAE04EC0-301F-11D3-BF4B-00C04F79EFBC}") = "Task17", "Task17\Task17.csproj", "{7BCEBE2D-076B-4C2E-B859-895004053049}"
EndProject
Global
	GlobalSection(SolutionConfigurationPlatforms) = preSolution
		Debug|Any CPU = Debug|Any CPU
		Release|Any CPU = Release|Any CPU
	EndGlobalSection
	GlobalSection(ProjectConfigurationPlatforms) = postSolution
		{7BCEBE2D-076B-4C2E-B859-895004053049}.Debug|Any CPU.ActiveCfg = Debug|Any CPU
		{7BCEBE2D-076B-4C2E-B859-895004053049}.Debug|Any CPU.Build.0 = Debug|Any CPU
		{7BCEBE2D-076B-4C2E-B859-895004053049}.Release|Any CPU.ActiveCfg = Release|Any CPU
		{7BCEBE2D-076B-4C2E-B859-895004053049}.Release|Any CPU.Build.0 = Release|Any CPU
	EndGlobalSection
	GlobalSection(SolutionProperties) = preSolution
		HideSolutionNode = FALSE
	EndGlobalSection
	GlobalSection(ExtensibilityGlobals) = postSolution
		SolutionGuid = {8D439005-3615-490D-944D-8863ED509FC2}
	EndGlobalSection
EndGlobal
